
Microsoft Visual Studio Solution File, Format Version 12.00
# Visual Studio Version 16
VisualStudioVersion = 16.0.31727.386
MinimumVisualStudioVersion = 10.0.40219.1
Project("{9A19103F-16F7-4668-BE54-9A1E7A4F7556}") = "BattleshipKata", "src\BattleshipKata\BattleshipKata.csproj", "{CE4D847A-5632-4DEB-9A15-184C9684269D}"
EndProject
Project("{9A19103F-16F7-4668-BE54-9A1E7A4F7556}") = "BattleshipKata.Tests", "tests\BattleshipKata.Tests\BattleshipKata.Tests.csproj", "{671BD297-E008-439F-8719-E3C6FC959CAC}"
EndProject
Global
	GlobalSection(SolutionConfigurationPlatforms) = preSolution
		Debug|Any CPU = Debug|Any CPU
		Release|Any CPU = Release|Any CPU
	EndGlobalSection
	GlobalSection(ProjectConfigurationPlatforms) = postSolution
		{CE4D847A-5632-4DEB-9A15-184C9684269D}.Debug|Any CPU.ActiveCfg = Debug|Any CPU
		{CE4D847A-5632-4DEB-9A15-184C9684269D}.Debug|Any CPU.Build.0 = Debug|Any CPU
		{CE4D847A-5632-4DEB-9A15-184C9684269D}.Release|Any CPU.ActiveCfg = Release|Any CPU
		{CE4D847A-5632-4DEB-9A15-184C9684269D}.Release|Any CPU.Build.0 = Release|Any CPU
		{671BD297-E008-439F-8719-E3C6FC959CAC}.Debug|Any CPU.ActiveCfg = Debug|Any CPU
		{671BD297-E008-439F-8719-E3C6FC959CAC}.Debug|Any CPU.Build.0 = Debug|Any CPU
		{671BD297-E008-439F-8719-E3C6FC959CAC}.Release|Any CPU.ActiveCfg = Release|Any CPU
		{671BD297-E008-439F-8719-E3C6FC959CAC}.Release|Any CPU.Build.0 = Release|Any CPU
	EndGlobalSection
	GlobalSection(SolutionProperties) = preSolution
		HideSolutionNode = FALSE
	EndGlobalSection
	GlobalSection(ExtensibilityGlobals) = postSolution
		SolutionGuid = {9390F8D9-CE3D-4C8B-901E-A32C2320E163}
	EndGlobalSection
EndGlobal
